<?xml version="1.0" encoding="utf-8"?>
<Project ToolsVersion="4.0" xmlns="http://schemas.microsoft.com/developer/msbuild/2003">
  <ItemGroup>
    <Filter Include="Source Files">
      <UniqueIdentifier>{4FC737F1-C7A5-4376-A066-2A32D752A2FF}</UniqueIdentifier>
      <Extensions>cpp;cxx;c;def</Extensions>
    </Filter>
    <Filter Include="Header Files">
      <UniqueIdentifier>{93995380-89BD-4b04-88EB-625FBE52EBFB}</UniqueIdentifier>
      <Extensions>h</Extensions>
    </Filter>
    <Filter Include="Form Files">
      <UniqueIdentifier>{99349809-55BA-4b9d-BF79-8FDBB0286EB3}</UniqueIdentifier>
      <Extensions>ui</Extensions>
    </Filter>
    <Filter Include="Resource Files">
      <UniqueIdentifier>{D9D6E242-F8AF-46E4-B9FD-80ECBC20BA3E}</UniqueIdentifier>
      <Extensions>qrc;*</Extensions>
      <ParseFiles>false</ParseFiles>
    </Filter>
    <Filter Include="Generated Files">
      <UniqueIdentifier>{71ED8ED8-ACB9-4CE9-BBE1-E00B30144E11}</UniqueIdentifier>
      <Extensions>moc;h;cpp</Extensions>
      <SourceControlFiles>False</SourceControlFiles>
    </Filter>
    <Filter Include="Generated Files\Debug">
      <UniqueIdentifier>{7835f4bf-7947-49af-b85d-a6153f6b11b7}</UniqueIdentifier>
      <Extensions>cpp;moc</Extensions>
      <SourceControlFiles>False</SourceControlFiles>
    </Filter>
    <Filter Include="Generated Files\Release">
      <UniqueIdentifier>{65ddc086-9b75-4dd3-8450-ead8019af73c}</UniqueIdentifier>
      <Extensions>cpp;moc</Extensions>
      <SourceControlFiles>False</SourceControlFiles>
    </Filter>
  </ItemGroup>
  <ItemGroup>
    <ClCompile Include="main.cpp">
      <Filter>Source Files</Filter>
    </ClCompile>
    <ClCompile Include="thousandrectsinconcurentthreads.cpp">
      <Filter>Source Files</Filter>
    </ClCompile>
    <ClCompile Include="GeneratedFiles\Debug\moc_thousandrectsinconcurentthreads.cpp">
      <Filter>Generated Files\Debug</Filter>
    </ClCompile>
    <ClCompile Include="GeneratedFiles\Release\moc_thousandrectsinconcurentthreads.cpp">
      <Filter>Generated Files\Release</Filter>
    </ClCompile>
    <ClCompile Include="GeneratedFiles\qrc_thousandrectsinconcurentthreads.cpp">
      <Filter>Generated Files</Filter>
    </ClCompile>
    <ClCompile Include="twidget.cpp">
      <Filter>Source Files</Filter>
    </ClCompile>
    <ClCompile Include="GeneratedFiles\Debug\moc_twidget.cpp">
      <Filter>Generated Files\Debug</Filter>
    </ClCompile>
    <ClCompile Include="GeneratedFiles\Release\moc_twidget.cpp">
      <Filter>Generated Files\Release</Filter>
    </ClCompile>
    <ClCompile Include="drawstrategy.cpp">
      <Filter>Source Files</Filter>
    </ClCompile>
    <ClCompile Include="GeneratedFiles\Debug\moc_drawstrategy.cpp">
      <Filter>Generated Files\Debug</Filter>
    </ClCompile>
    <ClCompile Include="GeneratedFiles\Release\moc_drawstrategy.cpp">
      <Filter>Generated Files\Release</Filter>
    </ClCompile>
    <ClCompile Include="renderthread.cpp">
      <Filter>Source Files</Filter>
    </ClCompile>
    <ClCompile Include="GeneratedFiles\Debug\moc_renderthread.cpp">
      <Filter>Generated Files\Debug</Filter>
    </ClCompile>
    <ClCompile Include="GeneratedFiles\Release\moc_renderthread.cpp">
      <Filter>Generated Files\Release</Filter>
    </ClCompile>
    <ClCompile Include="GeneratedFiles\Debug\moc_devicedata.cpp">
      <Filter>Generated Files\Debug</Filter>
    </ClCompile>
    <ClCompile Include="GeneratedFiles\Release\moc_devicedata.cpp">
      <Filter>Generated Files\Release</Filter>
    </ClCompile>
    <ClCompile Include="GeneratedFiles\Debug\moc_devicesettings.cpp">
      <Filter>Generated Files\Debug</Filter>
    </ClCompile>
    <ClCompile Include="GeneratedFiles\Release\moc_devicesettings.cpp">
      <Filter>Generated Files\Release</Filter>
    </ClCompile>
    <ClCompile Include="GeneratedFiles\Debug\moc_element_info.cpp">
      <Filter>Generated Files\Debug</Filter>
    </ClCompile>
    <ClCompile Include="GeneratedFiles\Release\moc_element_info.cpp">
      <Filter>Generated Files\Release</Filter>
    </ClCompile>
    <ClCompile Include="GeneratedFiles\Debug\moc_ElementFactory.cpp">
      <Filter>Generated Files\Debug</Filter>
    </ClCompile>
    <ClCompile Include="GeneratedFiles\Release\moc_ElementFactory.cpp">
      <Filter>Generated Files\Release</Filter>
    </ClCompile>
    <ClCompile Include="GeneratedFiles\Debug\moc_ThickElement.cpp">
      <Filter>Generated Files\Debug</Filter>
    </ClCompile>
    <ClCompile Include="GeneratedFiles\Release\moc_ThickElement.cpp">
      <Filter>Generated Files\Release</Filter>
    </ClCompile>
    <ClCompile Include="DataSerializer.cpp">
      <Filter>Source Files</Filter>
    </ClCompile>
    <ClCompile Include="DataStructCreator.cpp">
      <Filter>Source Files</Filter>
    </ClCompile>
    <ClCompile Include="devicedata.cpp">
      <Filter>Source Files</Filter>
    </ClCompile>
    <ClCompile Include="devicesettings.cpp">
      <Filter>Source Files</Filter>
    </ClCompile>
    <ClCompile Include="element_info.cpp">
      <Filter>Source Files</Filter>
    </ClCompile>
    <ClCompile Include="ElementFactory.cpp">
      <Filter>Source Files</Filter>
    </ClCompile>
    <ClCompile Include="ResultData.cpp">
      <Filter>Source Files</Filter>
    </ClCompile>
    <ClCompile Include="ThickElement.cpp">
      <Filter>Source Files</Filter>
    </ClCompile>
    <ClCompile Include="drawstrategycontainer.cpp">
      <Filter>Source Files</Filter>
    </ClCompile>
    <ClCompile Include="GeneratedFiles\Debug\moc_drawstrategycontainer.cpp">
      <Filter>Generated Files\Debug</Filter>
    </ClCompile>
    <ClCompile Include="GeneratedFiles\Release\moc_drawstrategycontainer.cpp">
      <Filter>Generated Files\Release</Filter>
    </ClCompile>
    <ClCompile Include="coorddrawstrategy.cpp">
      <Filter>Source Files</Filter>
    </ClCompile>
    <ClCompile Include="GeneratedFiles\Debug\moc_coorddrawstrategy.cpp">
      <Filter>Generated Files\Debug</Filter>
    </ClCompile>
    <ClCompile Include="GeneratedFiles\Release\moc_coorddrawstrategy.cpp">
      <Filter>Generated Files\Release</Filter>
    </ClCompile>
    <ClCompile Include="mnemodrawstrategy.cpp">
      <Filter>Source Files</Filter>
    </ClCompile>
    <ClCompile Include="GeneratedFiles\Debug\moc_mnemodrawstrategy.cpp">
      <Filter>Generated Files\Debug</Filter>
    </ClCompile>
    <ClCompile Include="GeneratedFiles\Release\moc_mnemodrawstrategy.cpp">
      <Filter>Generated Files\Release</Filter>
    </ClCompile>
    <ClCompile Include="thickrowdrawstrategy.cpp">
      <Filter>Source Files</Filter>
    </ClCompile>
    <ClCompile Include="GeneratedFiles\Debug\moc_thickrowdrawstrategy.cpp">
      <Filter>Generated Files\Debug</Filter>
    </ClCompile>
    <ClCompile Include="GeneratedFiles\Release\moc_thickrowdrawstrategy.cpp">
      <Filter>Generated Files\Release</Filter>
    </ClCompile>
    <ClCompile Include="basedrawrowstrategy.cpp">
      <Filter>Source Files</Filter>
    </ClCompile>
    <ClCompile Include="GeneratedFiles\Debug\moc_basedrawrowstrategy.cpp">
      <Filter>Generated Files\Debug</Filter>
    </ClCompile>
    <ClCompile Include="GeneratedFiles\Release\moc_basedrawrowstrategy.cpp">
      <Filter>Generated Files\Release</Filter>
    </ClCompile>
    <ClCompile Include="thicklamrowdrawstrategy.cpp">
      <Filter>Source Files</Filter>
    </ClCompile>
    <ClCompile Include="GeneratedFiles\Debug\moc_thicklamrowdrawstrategy.cpp">
      <Filter>Generated Files\Debug</Filter>
    </ClCompile>
    <ClCompile Include="GeneratedFiles\Release\moc_thicklamrowdrawstrategy.cpp">
      <Filter>Generated Files\Release</Filter>
    </ClCompile>
    <ClCompile Include="defectrowdrawstrategy.cpp">
      <Filter>Source Files</Filter>
    </ClCompile>
    <ClCompile Include="GeneratedFiles\Debug\moc_defectrowdrawstrategy.cpp">
      <Filter>Generated Files\Debug</Filter>
    </ClCompile>
    <ClCompile Include="GeneratedFiles\Release\moc_defectrowdrawstrategy.cpp">
      <Filter>Generated Files\Release</Filter>
    </ClCompile>
    <ClCompile Include="bscanrowdrawstrategy.cpp">
      <Filter>Source Files</Filter>
    </ClCompile>
    <ClCompile Include="GeneratedFiles\Debug\moc_bscanrowdrawstrategy.cpp">
      <Filter>Generated Files\Debug</Filter>
    </ClCompile>
    <ClCompile Include="GeneratedFiles\Release\moc_bscanrowdrawstrategy.cpp">
      <Filter>Generated Files\Release</Filter>
    </ClCompile>
  </ItemGroup>
  <ItemGroup>
    <CustomBuild Include="thousandrectsinconcurentthreads.h">
      <Filter>Header Files</Filter>
    </CustomBuild>
    <CustomBuild Include="thousandrectsinconcurentthreads.ui">
      <Filter>Form Files</Filter>
    </CustomBuild>
    <CustomBuild Include="thousandrectsinconcurentthreads.qrc">
      <Filter>Resource Files</Filter>
    </CustomBuild>
    <CustomBuild Include="twidget.h">
      <Filter>Header Files</Filter>
    </CustomBuild>
    <CustomBuild Include="drawstrategy.h">
      <Filter>Header Files</Filter>
    </CustomBuild>
    <CustomBuild Include="renderthread.h">
      <Filter>Header Files</Filter>
    </CustomBuild>
    <CustomBuild Include="devicedata.h">
      <Filter>Header Files</Filter>
    </CustomBuild>
    <CustomBuild Include="devicesettings.h">
      <Filter>Header Files</Filter>
    </CustomBuild>
    <CustomBuild Include="element_info.h">
      <Filter>Header Files</Filter>
    </CustomBuild>
    <CustomBuild Include="ElementFactory.h">
      <Filter>Header Files</Filter>
    </CustomBuild>
    <CustomBuild Include="ThickElement.h">
      <Filter>Header Files</Filter>
    </CustomBuild>
    <CustomBuild Include="drawstrategycontainer.h">
      <Filter>Header Files</Filter>
    </CustomBuild>
    <CustomBuild Include="coorddrawstrategy.h">
      <Filter>Header Files</Filter>
    </CustomBuild>
    <CustomBuild Include="mnemodrawstrategy.h">
      <Filter>Header Files</Filter>
    </CustomBuild>
    <CustomBuild Include="thickrowdrawstrategy.h">
      <Filter>Header Files</Filter>
    </CustomBuild>
    <CustomBuild Include="basedrawrowstrategy.h">
      <Filter>Header Files</Filter>
    </CustomBuild>
    <CustomBuild Include="thicklamrowdrawstrategy.h">
      <Filter>Header Files</Filter>
    </CustomBuild>
    <CustomBuild Include="defectrowdrawstrategy.h">
      <Filter>Header Files</Filter>
    </CustomBuild>
    <CustomBuild Include="bscanrowdrawstrategy.h">
      <Filter>Header Files</Filter>
    </CustomBuild>
  </ItemGroup>
  <ItemGroup>
    <ClInclude Include="GeneratedFiles\ui_thousandrectsinconcurentthreads.h">
      <Filter>Generated Files</Filter>
    </ClInclude>
    <ClInclude Include="DataProcessor.h">
      <Filter>Header Files</Filter>
    </ClInclude>
    <ClInclude Include="DataSerializer.h">
      <Filter>Header Files</Filter>
    </ClInclude>
    <ClInclude Include="DataStructCreator.h">
      <Filter>Header Files</Filter>
    </ClInclude>
    <ClInclude Include="dev_interf.h">
      <Filter>Header Files</Filter>
    </ClInclude>
    <ClInclude Include="params.h">
      <Filter>Header Files</Filter>
    </ClInclude>
    <ClInclude Include="ResultData.h">
      <Filter>Header Files</Filter>
    </ClInclude>
    <ClInclude Include="dev_struct.h">
      <Filter>Header Files</Filter>
    </ClInclude>
  </ItemGroup>
  <ItemGroup>
    <None Include="source_txt.txt">
      <Filter>Source Files</Filter>
    </None>
  </ItemGroup>
</Project>